
Microsoft Visual Studio Solution File, Format Version 12.00
# Visual Studio Version 17
VisualStudioVersion = 17.13.35931.197 d17.13
MinimumVisualStudioVersion = 10.0.40219.1
Project("{FAE04EC0-301F-11D3-BF4B-00C04F79EFBC}") = "CascadingLookup", "CascadingLookup\CascadingLookup.csproj", "{9AF39C08-C025-4B63-8E5E-1E2980091762}"
EndProject
Global
	GlobalSection(SolutionConfigurationPlatforms) = preSolution
		Debug|Any CPU = Debug|Any CPU
		Release|Any CPU = Release|Any CPU
	EndGlobalSection
	GlobalSection(ProjectConfigurationPlatforms) = postSolution
		{9AF39C08-C025-4B63-8E5E-1E2980091762}.Debug|Any CPU.ActiveCfg = Debug|Any CPU
		{9AF39C08-C025-4B63-8E5E-1E2980091762}.Debug|Any CPU.Build.0 = Debug|Any CPU
		{9AF39C08-C025-4B63-8E5E-1E2980091762}.Release|Any CPU.ActiveCfg = Release|Any CPU
		{9AF39C08-C025-4B63-8E5E-1E2980091762}.Release|Any CPU.Build.0 = Release|Any CPU
	EndGlobalSection
	GlobalSection(SolutionProperties) = preSolution
		HideSolutionNode = FALSE
	EndGlobalSection
	GlobalSection(ExtensibilityGlobals) = postSolution
		SolutionGuid = {FDF4B6A2-5BEC-4044-89EB-6CFDB0E6DDC1}
	EndGlobalSection
EndGlobal
